// !$*UTF8*$!
{
	archiveVersion = 1;
	classes = {
	};
	objectVersion = 46;
	objects = {

/* Begin PBXBuildFile section */
		C80E466418AB4D0500AFDF87 /* Foundation.framework in Frameworks */ = {isa = PBXBuildFile; fileRef = C80E466318AB4D0500AFDF87 /* Foundation.framework */; };
		C80E466618AB4D0500AFDF87 /* CoreGraphics.framework in Frameworks */ = {isa = PBXBuildFile; fileRef = C80E466518AB4D0500AFDF87 /* CoreGraphics.framework */; };
		C80E466818AB4D0500AFDF87 /* UIKit.framework in Frameworks */ = {isa = PBXBuildFile; fileRef = C80E466718AB4D0500AFDF87 /* UIKit.framework */; };
		C80E466E18AB4D0500AFDF87 /* InfoPlist.strings in Resources */ = {isa = PBXBuildFile; fileRef = C80E466C18AB4D0500AFDF87 /* InfoPlist.strings */; };
		C80E467018AB4D0500AFDF87 /* main.m in Sources */ = {isa = PBXBuildFile; fileRef = C80E466F18AB4D0500AFDF87 /* main.m */; };
		C80E467418AB4D0600AFDF87 /* testAppDelegate.m in Sources */ = {isa = PBXBuildFile; fileRef = C80E467318AB4D0600AFDF87 /* testAppDelegate.m */; };
		C80E467718AB4D0600AFDF87 /* Main.storyboard in Resources */ = {isa = PBXBuildFile; fileRef = C80E467518AB4D0600AFDF87 /* Main.storyboard */; };
		C80E467A18AB4D0600AFDF87 /* testViewController.m in Sources */ = {isa = PBXBuildFile; fileRef = C80E467918AB4D0600AFDF87 /* testViewController.m */; };
		C80E467C18AB4D0600AFDF87 /* Images.xcassets in Resources */ = {isa = PBXBuildFile; fileRef = C80E467B18AB4D0600AFDF87 /* Images.xcassets */; };
		C80E468318AB4D0600AFDF87 /* XCTest.framework in Frameworks */ = {isa = PBXBuildFile; fileRef = C80E468218AB4D0600AFDF87 /* XCTest.framework */; };
		C80E468418AB4D0600AFDF87 /* Foundation.framework in Frameworks */ = {isa = PBXBuildFile; fileRef = C80E466318AB4D0500AFDF87 /* Foundation.framework */; };
		C80E468518AB4D0600AFDF87 /* UIKit.framework in Frameworks */ = {isa = PBXBuildFile; fileRef = C80E466718AB4D0500AFDF87 /* UIKit.framework */; };
		C80E468D18AB4D0600AFDF87 /* InfoPlist.strings in Resources */ = {isa = PBXBuildFile; fileRef = C80E468B18AB4D0600AFDF87 /* InfoPlist.strings */; };
		C80E468F18AB4D0600AFDF87 /* testTests.m in Sources */ = {isa = PBXBuildFile; fileRef = C80E468E18AB4D0600AFDF87 /* testTests.m */; };
/* End PBXBuildFile section */

/* Begin PBXContainerItemProxy section */
		C80E468618AB4D0600AFDF87 /* PBXContainerItemProxy */ = {
			isa = PBXContainerItemProxy;
			containerPortal = C80E465818AB4D0500AFDF87 /* Project object */;
			proxyType = 1;
			remoteGlobalIDString = C80E465F18AB4D0500AFDF87;
			remoteInfo = test;
		};
/* End PBXContainerItemProxy section */

/* Begin PBXFileReference section */
		C80E466018AB4D0500AFDF87 /* test.app */ = {isa = PBXFileReference; explicitFileType = wrapper.application; includeInIndex = 0; path = test.app; sourceTree = BUILT_PRODUCTS_DIR; };
		C80E466318AB4D0500AFDF87 /* Foundation.framework */ = {isa = PBXFileReference; lastKnownFileType = wrapper.framework; name = Foundation.framework; path = System/Library/Frameworks/Foundation.framework; sourceTree = SDKROOT; };
		C80E466518AB4D0500AFDF87 /* CoreGraphics.framework */ = {isa = PBXFileReference; lastKnownFileType = wrapper.framework; name = CoreGraphics.framework; path = System/Library/Frameworks/CoreGraphics.framework; sourceTree = SDKROOT; };
		C80E466718AB4D0500AFDF87 /* UIKit.framework */ = {isa = PBXFileReference; lastKnownFileType = wrapper.framework; name = UIKit.framework; path = System/Library/Frameworks/UIKit.framework; sourceTree = SDKROOT; };
		C80E466B18AB4D0500AFDF87 /* test-Info.plist */ = {isa = PBXFileReference; lastKnownFileType = text.plist.xml; path = "test-Info.plist"; sourceTree = "<group>"; };
		C80E466D18AB4D0500AFDF87 /* en */ = {isa = PBXFileReference; lastKnownFileType = text.plist.strings; name = en; path = en.lproj/InfoPlist.strings; sourceTree = "<group>"; };
		C80E466F18AB4D0500AFDF87 /* main.m */ = {isa = PBXFileReference; lastKnownFileType = sourcecode.c.objc; path = main.m; sourceTree = "<group>"; };
		C80E467118AB4D0500AFDF87 /* test-Prefix.pch */ = {isa = PBXFileReference; lastKnownFileType = sourcecode.c.h; path = "test-Prefix.pch"; sourceTree = "<group>"; };
		C80E467218AB4D0500AFDF87 /* testAppDelegate.h */ = {isa = PBXFileReference; lastKnownFileType = sourcecode.c.h; path = testAppDelegate.h; sourceTree = "<group>"; };
		C80E467318AB4D0600AFDF87 /* testAppDelegate.m */ = {isa = PBXFileReference; lastKnownFileType = sourcecode.c.objc; path = testAppDelegate.m; sourceTree = "<group>"; };
		C80E467618AB4D0600AFDF87 /* Base */ = {isa = PBXFileReference; lastKnownFileType = file.storyboard; name = Base; path = Base.lproj/Main.storyboard; sourceTree = "<group>"; };
		C80E467818AB4D0600AFDF87 /* testViewController.h */ = {isa = PBXFileReference; lastKnownFileType = sourcecode.c.h; path = testViewController.h; sourceTree = "<group>"; };
		C80E467918AB4D0600AFDF87 /* testViewController.m */ = {isa = PBXFileReference; lastKnownFileType = sourcecode.c.objc; path = testViewController.m; sourceTree = "<group>"; };
		C80E467B18AB4D0600AFDF87 /* Images.xcassets */ = {isa = PBXFileReference; lastKnownFileType = folder.assetcatalog; path = Images.xcassets; sourceTree = "<group>"; };
		C80E468118AB4D0600AFDF87 /* testTests.xctest */ = {isa = PBXFileReference; explicitFileType = wrapper.cfbundle; includeInIndex = 0; path = testTests.xctest; sourceTree = BUILT_PRODUCTS_DIR; };
		C80E468218AB4D0600AFDF87 /* XCTest.framework */ = {isa = PBXFileReference; lastKnownFileType = wrapper.framework; name = XCTest.framework; path = Library/Frameworks/XCTest.framework; sourceTree = DEVELOPER_DIR; };
		C80E468A18AB4D0600AFDF87 /* testTests-Info.plist */ = {isa = PBXFileReference; lastKnownFileType = text.plist.xml; path = "testTests-Info.plist"; sourceTree = "<group>"; };
		C80E468C18AB4D0600AFDF87 /* en */ = {isa = PBXFileReference; lastKnownFileType = text.plist.strings; name = en; path = en.lproj/InfoPlist.strings; sourceTree = "<group>"; };
		C80E468E18AB4D0600AFDF87 /* testTests.m */ = {isa = PBXFileReference; lastKnownFileType = sourcecode.c.objc; path = testTests.m; sourceTree = "<group>"; };
/* End PBXFileReference section */

/* Begin PBXFrameworksBuildPhase section */
		C80E465D18AB4D0500AFDF87 /* Frameworks */ = {
			isa = PBXFrameworksBuildPhase;
			buildActionMask = 2147483647;
			files = (
				C80E466618AB4D0500AFDF87 /* CoreGraphics.framework in Frameworks */,
				C80E466818AB4D0500AFDF87 /* UIKit.framework in Frameworks */,
				C80E466418AB4D0500AFDF87 /* Foundation.framework in Frameworks */,
			);
			runOnlyForDeploymentPostprocessing = 0;
		};
		C80E467E18AB4D0600AFDF87 /* Frameworks */ = {
			isa = PBXFrameworksBuildPhase;
			buildActionMask = 2147483647;
			files = (
				C80E468318AB4D0600AFDF87 /* XCTest.framework in Frameworks */,
				C80E468518AB4D0600AFDF87 /* UIKit.framework in Frameworks */,
				C80E468418AB4D0600AFDF87 /* Foundation.framework in Frameworks */,
			);
			runOnlyForDeploymentPostprocessing = 0;
		};
/* End PBXFrameworksBuildPhase section */

/* Begin PBXGroup section */
		C80E465718AB4D0500AFDF87 = {
			isa = PBXGroup;
			children = (
				C80E466918AB4D0500AFDF87 /* test */,
				C80E468818AB4D0600AFDF87 /* testTests */,
				C80E466218AB4D0500AFDF87 /* Frameworks */,
				C80E466118AB4D0500AFDF87 /* Products */,
			);
			sourceTree = "<group>";
		};
		C80E466118AB4D0500AFDF87 /* Products */ = {
			isa = PBXGroup;
			children = (
				C80E466018AB4D0500AFDF87 /* test.app */,
				C80E468118AB4D0600AFDF87 /* testTests.xctest */,
			);
			name = Products;
			sourceTree = "<group>";
		};
		C80E466218AB4D0500AFDF87 /* Frameworks */ = {
			isa = PBXGroup;
			children = (
				C80E466318AB4D0500AFDF87 /* Foundation.framework */,
				C80E466518AB4D0500AFDF87 /* CoreGraphics.framework */,
				C80E466718AB4D0500AFDF87 /* UIKit.framework */,
				C80E468218AB4D0600AFDF87 /* XCTest.framework */,
			);
			name = Frameworks;
			sourceTree = "<group>";
		};
		C80E466918AB4D0500AFDF87 /* test */ = {
			isa = PBXGroup;
			children = (
				C80E467218AB4D0500AFDF87 /* testAppDelegate.h */,
				C80E467318AB4D0600AFDF87 /* testAppDelegate.m */,
				C80E467518AB4D0600AFDF87 /* Main.storyboard */,
				C80E467818AB4D0600AFDF87 /* testViewController.h */,
				C80E467918AB4D0600AFDF87 /* testViewController.m */,
				C80E467B18AB4D0600AFDF87 /* Images.xcassets */,
				C80E466A18AB4D0500AFDF87 /* Supporting Files */,
			);
			path = test;
			sourceTree = "<group>";
		};
		C80E466A18AB4D0500AFDF87 /* Supporting Files */ = {
			isa = PBXGroup;
			children = (
				C80E466B18AB4D0500AFDF87 /* test-Info.plist */,
				C80E466C18AB4D0500AFDF87 /* InfoPlist.strings */,
				C80E466F18AB4D0500AFDF87 /* main.m */,
				C80E467118AB4D0500AFDF87 /* test-Prefix.pch */,
			);
			name = "Supporting Files";
			sourceTree = "<group>";
		};
		C80E468818AB4D0600AFDF87 /* testTests */ = {
			isa = PBXGroup;
			children = (
				C80E468E18AB4D0600AFDF87 /* testTests.m */,
				C80E468918AB4D0600AFDF87 /* Supporting Files */,
			);
			path = testTests;
			sourceTree = "<group>";
		};
		C80E468918AB4D0600AFDF87 /* Supporting Files */ = {
			isa = PBXGroup;
			children = (
				C80E468A18AB4D0600AFDF87 /* testTests-Info.plist */,
				C80E468B18AB4D0600AFDF87 /* InfoPlist.strings */,
			);
			name = "Supporting Files";
			sourceTree = "<group>";
		};
/* End PBXGroup section */

/* Begin PBXNativeTarget section */
		C80E465F18AB4D0500AFDF87 /* test */ = {
			isa = PBXNativeTarget;
			buildConfigurationList = C80E469218AB4D0600AFDF87 /* Build configuration list for PBXNativeTarget "test" */;
			buildPhases = (
				C80E465C18AB4D0500AFDF87 /* Sources */,
				C80E465D18AB4D0500AFDF87 /* Frameworks */,
				C80E465E18AB4D0500AFDF87 /* Resources */,
			);
			buildRules = (
			);
			dependencies = (
			);
			name = test;
			productName = test;
			productReference = C80E466018AB4D0500AFDF87 /* test.app */;
			productType = "com.apple.product-type.application";
		};
		C80E468018AB4D0600AFDF87 /* testTests */ = {
			isa = PBXNativeTarget;
			buildConfigurationList = C80E469518AB4D0600AFDF87 /* Build configuration list for PBXNativeTarget "testTests" */;
			buildPhases = (
				C80E467D18AB4D0600AFDF87 /* Sources */,
				C80E467E18AB4D0600AFDF87 /* Frameworks */,
				C80E467F18AB4D0600AFDF87 /* Resources */,
			);
			buildRules = (
			);
			dependencies = (
				C80E468718AB4D0600AFDF87 /* PBXTargetDependency */,
			);
			name = testTests;
			productName = testTests;
			productReference = C80E468118AB4D0600AFDF87 /* testTests.xctest */;
			productType = "com.apple.product-type.bundle.unit-test";
		};
/* End PBXNativeTarget section */

/* Begin PBXProject section */
		C80E465818AB4D0500AFDF87 /* Project object */ = {
			isa = PBXProject;
			attributes = {
				CLASSPREFIX = test;
				LastUpgradeCheck = 0500;
				ORGANIZATIONNAME = Resize;
				TargetAttributes = {
					C80E468018AB4D0600AFDF87 = {
						TestTargetID = C80E465F18AB4D0500AFDF87;
					};
				};
			};
			buildConfigurationList = C80E465B18AB4D0500AFDF87 /* Build configuration list for PBXProject "test" */;
			compatibilityVersion = "Xcode 3.2";
			developmentRegion = English;
			hasScannedForEncodings = 0;
			knownRegions = (
				en,
				Base,
			);
			mainGroup = C80E465718AB4D0500AFDF87;
			productRefGroup = C80E466118AB4D0500AFDF87 /* Products */;
			projectDirPath = "";
			projectRoot = "";
			targets = (
				C80E465F18AB4D0500AFDF87 /* test */,
				C80E468018AB4D0600AFDF87 /* testTests */,
			);
		};
/* End PBXProject section */

/* Begin PBXResourcesBuildPhase section */
		C80E465E18AB4D0500AFDF87 /* Resources */ = {
			isa = PBXResourcesBuildPhase;
			buildActionMask = 2147483647;
			files = (
				C80E467C18AB4D0600AFDF87 /* Images.xcassets in Resources */,
				C80E466E18AB4D0500AFDF87 /* InfoPlist.strings in Resources */,
				C80E467718AB4D0600AFDF87 /* Main.storyboard in Resources */,
			);
			runOnlyForDeploymentPostprocessing = 0;
		};
		C80E467F18AB4D0600AFDF87 /* Resources */ = {
			isa = PBXResourcesBuildPhase;
			buildActionMask = 2147483647;
			files = (
				C80E468D18AB4D0600AFDF87 /* InfoPlist.strings in Resources */,
			);
			runOnlyForDeploymentPostprocessing = 0;
		};
/* End PBXResourcesBuildPhase section */

/* Begin PBXSourcesBuildPhase section */
		C80E465C18AB4D0500AFDF87 /* Sources */ = {
			isa = PBXSourcesBuildPhase;
			buildActionMask = 2147483647;
			files = (
				C80E467A18AB4D0600AFDF87 /* testViewController.m in Sources */,
				C80E467418AB4D0600AFDF87 /* testAppDelegate.m in Sources */,
				C80E467018AB4D0500AFDF87 /* main.m in Sources */,
			);
			runOnlyForDeploymentPostprocessing = 0;
		};
		C80E467D18AB4D0600AFDF87 /* Sources */ = {
			isa = PBXSourcesBuildPhase;
			buildActionMask = 2147483647;
			files = (
				C80E468F18AB4D0600AFDF87 /* testTests.m in Sources */,
			);
			runOnlyForDeploymentPostprocessing = 0;
		};
/* End PBXSourcesBuildPhase section */

/* Begin PBXTargetDependency section */
		C80E468718AB4D0600AFDF87 /* PBXTargetDependency */ = {
			isa = PBXTargetDependency;
			target = C80E465F18AB4D0500AFDF87 /* test */;
			targetProxy = C80E468618AB4D0600AFDF87 /* PBXContainerItemProxy */;
		};
/* End PBXTargetDependency section */

/* Begin PBXVariantGroup section */
		C80E466C18AB4D0500AFDF87 /* InfoPlist.strings */ = {
			isa = PBXVariantGroup;
			children = (
				C80E466D18AB4D0500AFDF87 /* en */,
			);
			name = InfoPlist.strings;
			sourceTree = "<group>";
		};
		C80E467518AB4D0600AFDF87 /* Main.storyboard */ = {
			isa = PBXVariantGroup;
			children = (
				C80E467618AB4D0600AFDF87 /* Base */,
			);
			name = Main.storyboard;
			sourceTree = "<group>";
		};
		C80E468B18AB4D0600AFDF87 /* InfoPlist.strings */ = {
			isa = PBXVariantGroup;
			children = (
				C80E468C18AB4D0600AFDF87 /* en */,
			);
			name = InfoPlist.strings;
			sourceTree = "<group>";
		};
/* End PBXVariantGroup section */

/* Begin XCBuildConfiguration section */
		C80E469018AB4D0600AFDF87 /* Debug */ = {
			isa = XCBuildConfiguration;
			buildSettings = {
				ALWAYS_SEARCH_USER_PATHS = NO;
				ARCHS = "$(ARCHS_STANDARD_INCLUDING_64_BIT)";
				CLANG_CXX_LANGUAGE_STANDARD = "gnu++0x";
				CLANG_CXX_LIBRARY = "libc++";
				CLANG_ENABLE_MODULES = YES;
				CLANG_ENABLE_OBJC_ARC = YES;
				CLANG_WARN_BOOL_CONVERSION = YES;
				CLANG_WARN_CONSTANT_CONVERSION = YES;
				CLANG_WARN_DIRECT_OBJC_ISA_USAGE = YES_ERROR;
				CLANG_WARN_EMPTY_BODY = YES;
				CLANG_WARN_ENUM_CONVERSION = YES;
				CLANG_WARN_INT_CONVERSION = YES;
				CLANG_WARN_OBJC_ROOT_CLASS = YES_ERROR;
				CLANG_WARN__DUPLICATE_METHOD_MATCH = YES;
				"CODE_SIGN_IDENTITY[sdk=iphoneos*]" = "iPhone Developer";
				COPY_PHASE_STRIP = NO;
				GCC_C_LANGUAGE_STANDARD = gnu99;
				GCC_DYNAMIC_NO_PIC = NO;
				GCC_OPTIMIZATION_LEVEL = 0;
				GCC_PREPROCESSOR_DEFINITIONS = (
					"DEBUG=1",
					"$(inherited)",
				);
				GCC_SYMBOLS_PRIVATE_EXTERN = NO;
				GCC_WARN_64_TO_32_BIT_CONVERSION = YES;
				GCC_WARN_ABOUT_RETURN_TYPE = YES_ERROR;
				GCC_WARN_UNDECLARED_SELECTOR = YES;
				GCC_WARN_UNINITIALIZED_AUTOS = YES;
				GCC_WARN_UNUSED_FUNCTION = YES;
				GCC_WARN_UNUSED_VARIABLE = YES;
				IPHONEOS_DEPLOYMENT_TARGET = 7.0;
				ONLY_ACTIVE_ARCH = YES;
				SDKROOT = iphoneos;
			};
			name = Debug;
		};
		C80E469118AB4D0600AFDF87 /* Release */ = {
			isa = XCBuildConfiguration;
			buildSettings = {
				ALWAYS_SEARCH_USER_PATHS = NO;
				ARCHS = "$(ARCHS_STANDARD_INCLUDING_64_BIT)";
				CLANG_CXX_LANGUAGE_STANDARD = "gnu++0x";
				CLANG_CXX_LIBRARY = "libc++";
				CLANG_ENABLE_MODULES = YES;
				CLANG_ENABLE_OBJC_ARC = YES;
				CLANG_WARN_BOOL_CONVERSION = YES;
				CLANG_WARN_CONSTANT_CONVERSION = YES;
				CLANG_WARN_DIRECT_OBJC_ISA_USAGE = YES_ERROR;
				CLANG_WARN_EMPTY_BODY = YES;
				CLANG_WARN_ENUM_CONVERSION = YES;
				CLANG_WARN_INT_CONVERSION = YES;
				CLANG_WARN_OBJC_ROOT_CLASS = YES_ERROR;
				CLANG_WARN__DUPLICATE_METHOD_MATCH = YES;
				"CODE_SIGN_IDENTITY[sdk=iphoneos*]" = "iPhone Developer";
				COPY_PHASE_STRIP = YES;
				ENABLE_NS_ASSERTIONS = NO;
				GCC_C_LANGUAGE_STANDARD = gnu99;
				GCC_WARN_64_TO_32_BIT_CONVERSION = YES;
				GCC_WARN_ABOUT_RETURN_TYPE = YES_ERROR;
				GCC_WARN_UNDECLARED_SELECTOR = YES;
				GCC_WARN_UNINITIALIZED_AUTOS = YES;
				GCC_WARN_UNUSED_FUNCTION = YES;
				GCC_WARN_UNUSED_VARIABLE = YES;
				IPHONEOS_DEPLOYMENT_TARGET = 7.0;
				SDKROOT = iphoneos;
				VALIDATE_PRODUCT = YES;
			};
			name = Release;
		};
		C80E469318AB4D0600AFDF87 /* Debug */ = {
			isa = XCBuildConfiguration;
			buildSettings = {
				ASSETCATALOG_COMPILER_APPICON_NAME = AppIcon;
				ASSETCATALOG_COMPILER_LAUNCHIMAGE_NAME = LaunchImage;
				GCC_PRECOMPILE_PREFIX_HEADER = YES;
				GCC_PREFIX_HEADER = "test/test-Prefix.pch";
				INFOPLIST_FILE = "test/test-Info.plist";
				PRODUCT_NAME = "$(TARGET_NAME)";
				WRAPPER_EXTENSION = app;
			};
			name = Debug;
		};
		C80E469418AB4D0600AFDF87 /* Release */ = {
			isa = XCBuildConfiguration;
			buildSettings = {
				ASSETCATALOG_COMPILER_APPICON_NAME = AppIcon;
				ASSETCATALOG_COMPILER_LAUNCHIMAGE_NAME = LaunchImage;
				GCC_PRECOMPILE_PREFIX_HEADER = YES;
				GCC_PREFIX_HEADER = "test/test-Prefix.pch";
				INFOPLIST_FILE = "test/test-Info.plist";
				PRODUCT_NAME = "$(TARGET_NAME)";
				WRAPPER_EXTENSION = app;
			};
			name = Release;
		};
		C80E469618AB4D0600AFDF87 /* Debug */ = {
			isa = XCBuildConfiguration;
			buildSettings = {
				ARCHS = "$(ARCHS_STANDARD_INCLUDING_64_BIT)";
				BUNDLE_LOADER = "$(BUILT_PRODUCTS_DIR)/test.app/test";
				FRAMEWORK_SEARCH_PATHS = (
					"$(SDKROOT)/Developer/Library/Frameworks",
					"$(inherited)",
					"$(DEVELOPER_FRAMEWORKS_DIR)",
				);
				GCC_PRECOMPILE_PREFIX_HEADER = YES;
				GCC_PREFIX_HEADER = "test/test-Prefix.pch";
				GCC_PREPROCESSOR_DEFINITIONS = (
					"DEBUG=1",
					"$(inherited)",
				);
				INFOPLIST_FILE = "testTests/testTests-Info.plist";
				PRODUCT_NAME = "$(TARGET_NAME)";
				TEST_HOST = "$(BUNDLE_LOADER)";
				WRAPPER_EXTENSION = xctest;
			};
			name = Debug;
		};
		C80E469718AB4D0600AFDF87 /* Release */ = {
			isa = XCBuildConfiguration;
			buildSettings = {
				ARCHS = "$(ARCHS_STANDARD_INCLUDING_64_BIT)";
				BUNDLE_LOADER = "$(BUILT_PRODUCTS_DIR)/test.app/test";
				FRAMEWORK_SEARCH_PATHS = (
					"$(SDKROOT)/Developer/Library/Frameworks",
					"$(inherited)",
					"$(DEVELOPER_FRAMEWORKS_DIR)",
				);
				GCC_PRECOMPILE_PREFIX_HEADER = YES;
				GCC_PREFIX_HEADER = "test/test-Prefix.pch";
				INFOPLIST_FILE = "testTests/testTests-Info.plist";
				PRODUCT_NAME = "$(TARGET_NAME)";
				TEST_HOST = "$(BUNDLE_LOADER)";
				WRAPPER_EXTENSION = xctest;
			};
			name = Release;
		};
/* End XCBuildConfiguration section */

/* Begin XCConfigurationList section */
		C80E465B18AB4D0500AFDF87 /* Build configuration list for PBXProject "test" */ = {
			isa = XCConfigurationList;
			buildConfigurations = (
				C80E469018AB4D0600AFDF87 /* Debug */,
				C80E469118AB4D0600AFDF87 /* Release */,
			);
			defaultConfigurationIsVisible = 0;
			defaultConfigurationName = Release;
		};
		C80E469218AB4D0600AFDF87 /* Build configuration list for PBXNativeTarget "test" */ = {
			isa = XCConfigurationList;
			buildConfigurations = (
				C80E469318AB4D0600AFDF87 /* Debug */,
				C80E469418AB4D0600AFDF87 /* Release */,
			);
			defaultConfigurationIsVisible = 0;
		};
		C80E469518AB4D0600AFDF87 /* Build configuration list for PBXNativeTarget "testTests" */ = {
			isa = XCConfigurationList;
			buildConfigurations = (
				C80E469618AB4D0600AFDF87 /* Debug */,
				C80E469718AB4D0600AFDF87 /* Release */,
			);
			defaultConfigurationIsVisible = 0;
		};
/* End XCConfigurationList section */
	};
	rootObject = C80E465818AB4D0500AFDF87 /* Project object */;
}
